version = 1
requires-python = ">=3.13"

[[package]]
name = "duckdb"
version = "1.1.3"
source = { registry = "https://pypi.org/simple" }
sdist = { url = "https://files.pythonhosted.org/packages/a0/d7/ec014b351b6bb026d5f473b1d0ec6bd6ba40786b9abbf530b4c9041d9895/duckdb-1.1.3.tar.gz", hash = "sha256:68c3a46ab08836fe041d15dcbf838f74a990d551db47cb24ab1c4576fc19351c", size = 12240672 }
wheels = [
    { url = "https://files.pythonhosted.org/packages/81/d1/2462492531d4715b2ede272a26519b37f21cf3f8c85b3eb88da5b7be81d8/duckdb-1.1.3-cp313-cp313-macosx_12_0_arm64.whl", hash = "sha256:0897f83c09356206ce462f62157ce064961a5348e31ccb2a557a7531d814e70e", size = 15483282 },
    { url = "https://files.pythonhosted.org/packages/af/a5/ec595aa223b911a62f24393908a8eaf8e0ed1c7c07eca5008f22aab070bc/duckdb-1.1.3-cp313-cp313-macosx_12_0_universal2.whl", hash = "sha256:cddc6c1a3b91dcc5f32493231b3ba98f51e6d3a44fe02839556db2b928087378", size = 32350342 },
    { url = "https://files.pythonhosted.org/packages/08/27/e35116ab1ada5e54e52424e52d16ee9ae82db129025294e19c1d48a8b2b1/duckdb-1.1.3-cp313-cp313-macosx_12_0_x86_64.whl", hash = "sha256:1d9ab6143e73bcf17d62566e368c23f28aa544feddfd2d8eb50ef21034286f24", size = 16953863 },
    { url = "https://files.pythonhosted.org/packages/0d/ac/f2db3969a56cd96a3ba78b0fd161939322fb134bd07c98ecc7a7015d3efa/duckdb-1.1.3-cp313-cp313-manylinux_2_17_aarch64.manylinux2014_aarch64.whl", hash = "sha256:2f073d15d11a328f2e6d5964a704517e818e930800b7f3fa83adea47f23720d3", size = 18494301 },
    { url = "https://files.pythonhosted.org/packages/cf/66/d0be7c9518b1b92185018bacd851f977a101c9818686f667bbf884abcfbc/duckdb-1.1.3-cp313-cp313-manylinux_2_17_x86_64.manylinux2014_x86_64.whl", hash = "sha256:d5724fd8a49e24d730be34846b814b98ba7c304ca904fbdc98b47fa95c0b0cee", size = 20150992 },
    { url = "https://files.pythonhosted.org/packages/47/ae/c2df66e3716705f48775e692a1b8accbf3dc6e2c27a0ae307fb4b063e115/duckdb-1.1.3-cp313-cp313-manylinux_2_24_aarch64.manylinux_2_28_aarch64.whl", hash = "sha256:51e7dbd968b393343b226ab3f3a7b5a68dee6d3fe59be9d802383bf916775cb8", size = 18297818 },
    { url = "https://files.pythonhosted.org/packages/8e/7e/10310b754b7ec3349c411a0a88ecbf327c49b5714e3d35200e69c13fb093/duckdb-1.1.3-cp313-cp313-musllinux_1_2_x86_64.whl", hash = "sha256:00cca22df96aa3473fe4584f84888e2cf1c516e8c2dd837210daec44eadba586", size = 21635169 },
    { url = "https://files.pythonhosted.org/packages/83/be/46c0b89c9d4e1ba90af9bc184e88672c04d420d41342e4dc359c78d05981/duckdb-1.1.3-cp313-cp313-win_amd64.whl", hash = "sha256:77f26884c7b807c7edd07f95cf0b00e6d47f0de4a534ac1706a58f8bc70d0d31", size = 10955826 },
]

[[package]]
name = "neo4j"
version = "5.27.0"
source = { registry = "https://pypi.org/simple" }
dependencies = [
    { name = "pytz" },
]
sdist = { url = "https://files.pythonhosted.org/packages/9c/b6/31ed9f3df8b948aecd31952193b803cd2007551f2f81aaa60d264e8d1950/neo4j-5.27.0.tar.gz", hash = "sha256:f82ee807cd15b178898d83f41a66372e11719a25dd487fd7bea48fd4b7323765", size = 223803 }
wheels = [
    { url = "https://files.pythonhosted.org/packages/f7/9a/cec819e5887804896db67b13215682b15e6f9201d9cf63890fee2b9a29e9/neo4j-5.27.0-py3-none-any.whl", hash = "sha256:929c14b9e5341267324eca170b39d1798b032bffacc26a0529eacaf678ae483f", size = 301679 },
]

[[package]]
name = "networkx"
version = "3.4.2"
source = { registry = "https://pypi.org/simple" }
sdist = { url = "https://files.pythonhosted.org/packages/fd/1d/06475e1cd5264c0b870ea2cc6fdb3e37177c1e565c43f56ff17a10e3937f/networkx-3.4.2.tar.gz", hash = "sha256:307c3669428c5362aab27c8a1260aa8f47c4e91d3891f48be0141738d8d053e1", size = 2151368 }
wheels = [
    { url = "https://files.pythonhosted.org/packages/b9/54/dd730b32ea14ea797530a4479b2ed46a6fb250f682a9cfb997e968bf0261/networkx-3.4.2-py3-none-any.whl", hash = "sha256:df5d4365b724cf81b8c6a7312509d0c22386097011ad1abe274afd5e9d3bbc5f", size = 1723263 },
]

[[package]]
name = "nose2"
version = "0.15.1"
source = { registry = "https://pypi.org/simple" }
sdist = { url = "https://files.pythonhosted.org/packages/9b/a6/f29c21026c40476ce3994ac55e16ef60b9c1d2a88d02c3fc20b07d253dab/nose2-0.15.1.tar.gz", hash = "sha256:36770f519df5becd3cbfe0bee4abbfbf9b9f6b4eb4e03361d282b7efcfc4f0df", size = 169809 }
wheels = [
    { url = "https://files.pythonhosted.org/packages/87/e6/6babe53a1dbfa55f6d30eb7408f4c4994658e5f27e3dbbb2b437912e5a32/nose2-0.15.1-py3-none-any.whl", hash = "sha256:564450c0c4f1602dfe171902ceb4726cc56658af7a620ae1826f1ffc86b09a86", size = 211274 },
]

[[package]]
name = "numpy"
version = "2.2.1"
source = { registry = "https://pypi.org/simple" }
sdist = { url = "https://files.pythonhosted.org/packages/f2/a5/fdbf6a7871703df6160b5cf3dd774074b086d278172285c52c2758b76305/numpy-2.2.1.tar.gz", hash = "sha256:45681fd7128c8ad1c379f0ca0776a8b0c6583d2f69889ddac01559dfe4390918", size = 20227662 }
wheels = [
    { url = "https://files.pythonhosted.org/packages/20/d6/91a26e671c396e0c10e327b763485ee295f5a5a7a48c553f18417e5a0ed5/numpy-2.2.1-cp313-cp313-macosx_10_13_x86_64.whl", hash = "sha256:f1d09e520217618e76396377c81fba6f290d5f926f50c35f3a5f72b01a0da780", size = 20896464 },
    { url = "https://files.pythonhosted.org/packages/8c/40/5792ccccd91d45e87d9e00033abc4f6ca8a828467b193f711139ff1f1cd9/numpy-2.2.1-cp313-cp313-macosx_11_0_arm64.whl", hash = "sha256:3ecc47cd7f6ea0336042be87d9e7da378e5c7e9b3c8ad0f7c966f714fc10d821", size = 14111350 },
    { url = "https://files.pythonhosted.org/packages/c0/2a/fb0a27f846cb857cef0c4c92bef89f133a3a1abb4e16bba1c4dace2e9b49/numpy-2.2.1-cp313-cp313-macosx_14_0_arm64.whl", hash = "sha256:f419290bc8968a46c4933158c91a0012b7a99bb2e465d5ef5293879742f8797e", size = 5111629 },
    { url = "https://files.pythonhosted.org/packages/eb/e5/8e81bb9d84db88b047baf4e8b681a3e48d6390bc4d4e4453eca428ecbb49/numpy-2.2.1-cp313-cp313-macosx_14_0_x86_64.whl", hash = "sha256:5b6c390bfaef8c45a260554888966618328d30e72173697e5cabe6b285fb2348", size = 6645865 },
    { url = "https://files.pythonhosted.org/packages/7a/1a/a90ceb191dd2f9e2897c69dde93ccc2d57dd21ce2acbd7b0333e8eea4e8d/numpy-2.2.1-cp313-cp313-manylinux_2_17_aarch64.manylinux2014_aarch64.whl", hash = "sha256:526fc406ab991a340744aad7e25251dd47a6720a685fa3331e5c59fef5282a59", size = 14043508 },
    { url = "https://files.pythonhosted.org/packages/f1/5a/e572284c86a59dec0871a49cd4e5351e20b9c751399d5f1d79628c0542cb/numpy-2.2.1-cp313-cp313-manylinux_2_17_x86_64.manylinux2014_x86_64.whl", hash = "sha256:f74e6fdeb9a265624ec3a3918430205dff1df7e95a230779746a6af78bc615af", size = 16094100 },
    { url = "https://files.pythonhosted.org/packages/0c/2c/a79d24f364788386d85899dd280a94f30b0950be4b4a545f4fa4ed1d4ca7/numpy-2.2.1-cp313-cp313-musllinux_1_2_aarch64.whl", hash = "sha256:53c09385ff0b72ba79d8715683c1168c12e0b6e84fb0372e97553d1ea91efe51", size = 15239691 },
    { url = "https://files.pythonhosted.org/packages/cf/79/1e20fd1c9ce5a932111f964b544facc5bb9bde7865f5b42f00b4a6a9192b/numpy-2.2.1-cp313-cp313-musllinux_1_2_x86_64.whl", hash = "sha256:f3eac17d9ec51be534685ba877b6ab5edc3ab7ec95c8f163e5d7b39859524716", size = 17856571 },
    { url = "https://files.pythonhosted.org/packages/be/5b/cc155e107f75d694f562bdc84a26cc930569f3dfdfbccb3420b626065777/numpy-2.2.1-cp313-cp313-win32.whl", hash = "sha256:9ad014faa93dbb52c80d8f4d3dcf855865c876c9660cb9bd7553843dd03a4b1e", size = 6270841 },
    { url = "https://files.pythonhosted.org/packages/44/be/0e5cd009d2162e4138d79a5afb3b5d2341f0fe4777ab6e675aa3d4a42e21/numpy-2.2.1-cp313-cp313-win_amd64.whl", hash = "sha256:164a829b6aacf79ca47ba4814b130c4020b202522a93d7bff2202bfb33b61c60", size = 12606618 },
    { url = "https://files.pythonhosted.org/packages/a8/87/04ddf02dd86fb17c7485a5f87b605c4437966d53de1e3745d450343a6f56/numpy-2.2.1-cp313-cp313t-macosx_10_13_x86_64.whl", hash = "sha256:4dfda918a13cc4f81e9118dea249e192ab167a0bb1966272d5503e39234d694e", size = 20921004 },
    { url = "https://files.pythonhosted.org/packages/6e/3e/d0e9e32ab14005425d180ef950badf31b862f3839c5b927796648b11f88a/numpy-2.2.1-cp313-cp313t-macosx_11_0_arm64.whl", hash = "sha256:733585f9f4b62e9b3528dd1070ec4f52b8acf64215b60a845fa13ebd73cd0712", size = 14119910 },
    { url = "https://files.pythonhosted.org/packages/b5/5b/aa2d1905b04a8fb681e08742bb79a7bddfc160c7ce8e1ff6d5c821be0236/numpy-2.2.1-cp313-cp313t-macosx_14_0_arm64.whl", hash = "sha256:89b16a18e7bba224ce5114db863e7029803c179979e1af6ad6a6b11f70545008", size = 5153612 },
    { url = "https://files.pythonhosted.org/packages/ce/35/6831808028df0648d9b43c5df7e1051129aa0d562525bacb70019c5f5030/numpy-2.2.1-cp313-cp313t-macosx_14_0_x86_64.whl", hash = "sha256:676f4eebf6b2d430300f1f4f4c2461685f8269f94c89698d832cdf9277f30b84", size = 6668401 },
    { url = "https://files.pythonhosted.org/packages/b1/38/10ef509ad63a5946cc042f98d838daebfe7eaf45b9daaf13df2086b15ff9/numpy-2.2.1-cp313-cp313t-manylinux_2_17_aarch64.manylinux2014_aarch64.whl", hash = "sha256:27f5cdf9f493b35f7e41e8368e7d7b4bbafaf9660cba53fb21d2cd174ec09631", size = 14014198 },
    { url = "https://files.pythonhosted.org/packages/df/f8/c80968ae01df23e249ee0a4487fae55a4c0fe2f838dfe9cc907aa8aea0fa/numpy-2.2.1-cp313-cp313t-manylinux_2_17_x86_64.manylinux2014_x86_64.whl", hash = "sha256:c1ad395cf254c4fbb5b2132fee391f361a6e8c1adbd28f2cd8e79308a615fe9d", size = 16076211 },
    { url = "https://files.pythonhosted.org/packages/09/69/05c169376016a0b614b432967ac46ff14269eaffab80040ec03ae1ae8e2c/numpy-2.2.1-cp313-cp313t-musllinux_1_2_aarch64.whl", hash = "sha256:08ef779aed40dbc52729d6ffe7dd51df85796a702afbf68a4f4e41fafdc8bda5", size = 15220266 },
    { url = "https://files.pythonhosted.org/packages/f1/ff/94a4ce67ea909f41cf7ea712aebbe832dc67decad22944a1020bb398a5ee/numpy-2.2.1-cp313-cp313t-musllinux_1_2_x86_64.whl", hash = "sha256:26c9c4382b19fcfbbed3238a14abf7ff223890ea1936b8890f058e7ba35e8d71", size = 17852844 },
    { url = "https://files.pythonhosted.org/packages/46/72/8a5dbce4020dfc595592333ef2fbb0a187d084ca243b67766d29d03e0096/numpy-2.2.1-cp313-cp313t-win32.whl", hash = "sha256:93cf4e045bae74c90ca833cba583c14b62cb4ba2cba0abd2b141ab52548247e2", size = 6326007 },
    { url = "https://files.pythonhosted.org/packages/7b/9c/4fce9cf39dde2562584e4cfd351a0140240f82c0e3569ce25a250f47037d/numpy-2.2.1-cp313-cp313t-win_amd64.whl", hash = "sha256:bff7d8ec20f5f42607599f9994770fa65d76edca264a87b5e4ea5629bce12268", size = 12693107 },
]

[[package]]
name = "pandas"
version = "2.2.3"
source = { registry = "https://pypi.org/simple" }
dependencies = [
    { name = "numpy" },
    { name = "python-dateutil" },
    { name = "pytz" },
    { name = "tzdata" },
]
sdist = { url = "https://files.pythonhosted.org/packages/9c/d6/9f8431bacc2e19dca897724cd097b1bb224a6ad5433784a44b587c7c13af/pandas-2.2.3.tar.gz", hash = "sha256:4f18ba62b61d7e192368b84517265a99b4d7ee8912f8708660fb4a366cc82667", size = 4399213 }
wheels = [
    { url = "https://files.pythonhosted.org/packages/64/22/3b8f4e0ed70644e85cfdcd57454686b9057c6c38d2f74fe4b8bc2527214a/pandas-2.2.3-cp313-cp313-macosx_10_13_x86_64.whl", hash = "sha256:f00d1345d84d8c86a63e476bb4955e46458b304b9575dcf71102b5c705320015", size = 12477643 },
    { url = "https://files.pythonhosted.org/packages/e4/93/b3f5d1838500e22c8d793625da672f3eec046b1a99257666c94446969282/pandas-2.2.3-cp313-cp313-macosx_11_0_arm64.whl", hash = "sha256:3508d914817e153ad359d7e069d752cdd736a247c322d932eb89e6bc84217f28", size = 11281573 },
    { url = "https://files.pythonhosted.org/packages/f5/94/6c79b07f0e5aab1dcfa35a75f4817f5c4f677931d4234afcd75f0e6a66ca/pandas-2.2.3-cp313-cp313-manylinux2014_aarch64.manylinux_2_17_aarch64.whl", hash = "sha256:22a9d949bfc9a502d320aa04e5d02feab689d61da4e7764b62c30b991c42c5f0", size = 15196085 },
    { url = "https://files.pythonhosted.org/packages/e8/31/aa8da88ca0eadbabd0a639788a6da13bb2ff6edbbb9f29aa786450a30a91/pandas-2.2.3-cp313-cp313-manylinux_2_17_x86_64.manylinux2014_x86_64.whl", hash = "sha256:f3a255b2c19987fbbe62a9dfd6cff7ff2aa9ccab3fc75218fd4b7530f01efa24", size = 12711809 },
    { url = "https://files.pythonhosted.org/packages/ee/7c/c6dbdb0cb2a4344cacfb8de1c5808ca885b2e4dcfde8008266608f9372af/pandas-2.2.3-cp313-cp313-musllinux_1_2_aarch64.whl", hash = "sha256:800250ecdadb6d9c78eae4990da62743b857b470883fa27f652db8bdde7f6659", size = 16356316 },
    { url = "https://files.pythonhosted.org/packages/57/b7/8b757e7d92023b832869fa8881a992696a0bfe2e26f72c9ae9f255988d42/pandas-2.2.3-cp313-cp313-musllinux_1_2_x86_64.whl", hash = "sha256:6374c452ff3ec675a8f46fd9ab25c4ad0ba590b71cf0656f8b6daa5202bca3fb", size = 14022055 },
    { url = "https://files.pythonhosted.org/packages/3b/bc/4b18e2b8c002572c5a441a64826252ce5da2aa738855747247a971988043/pandas-2.2.3-cp313-cp313-win_amd64.whl", hash = "sha256:61c5ad4043f791b61dd4752191d9f07f0ae412515d59ba8f005832a532f8736d", size = 11481175 },
    { url = "https://files.pythonhosted.org/packages/76/a3/a5d88146815e972d40d19247b2c162e88213ef51c7c25993942c39dbf41d/pandas-2.2.3-cp313-cp313t-macosx_10_13_x86_64.whl", hash = "sha256:3b71f27954685ee685317063bf13c7709a7ba74fc996b84fc6821c59b0f06468", size = 12615650 },
    { url = "https://files.pythonhosted.org/packages/9c/8c/f0fd18f6140ddafc0c24122c8a964e48294acc579d47def376fef12bcb4a/pandas-2.2.3-cp313-cp313t-macosx_11_0_arm64.whl", hash = "sha256:38cf8125c40dae9d5acc10fa66af8ea6fdf760b2714ee482ca691fc66e6fcb18", size = 11290177 },
    { url = "https://files.pythonhosted.org/packages/ed/f9/e995754eab9c0f14c6777401f7eece0943840b7a9fc932221c19d1abee9f/pandas-2.2.3-cp313-cp313t-manylinux2014_aarch64.manylinux_2_17_aarch64.whl", hash = "sha256:ba96630bc17c875161df3818780af30e43be9b166ce51c9a18c1feae342906c2", size = 14651526 },
    { url = "https://files.pythonhosted.org/packages/25/b0/98d6ae2e1abac4f35230aa756005e8654649d305df9a28b16b9ae4353bff/pandas-2.2.3-cp313-cp313t-manylinux_2_17_x86_64.manylinux2014_x86_64.whl", hash = "sha256:1db71525a1538b30142094edb9adc10be3f3e176748cd7acc2240c2f2e5aa3a4", size = 11871013 },
    { url = "https://files.pythonhosted.org/packages/cc/57/0f72a10f9db6a4628744c8e8f0df4e6e21de01212c7c981d31e50ffc8328/pandas-2.2.3-cp313-cp313t-musllinux_1_2_aarch64.whl", hash = "sha256:15c0e1e02e93116177d29ff83e8b1619c93ddc9c49083f237d4312337a61165d", size = 15711620 },
    { url = "https://files.pythonhosted.org/packages/ab/5f/b38085618b950b79d2d9164a711c52b10aefc0ae6833b96f626b7021b2ed/pandas-2.2.3-cp313-cp313t-musllinux_1_2_x86_64.whl", hash = "sha256:ad5b65698ab28ed8d7f18790a0dc58005c7629f227be9ecc1072aa74c0c1d43a", size = 13098436 },
]

[[package]]
name = "pyroaring"
version = "1.0.0"
source = { registry = "https://pypi.org/simple" }
sdist = { url = "https://files.pythonhosted.org/packages/9b/5d/f94b8c44960e652e070c1bc7f93f6535414bb93fad5acc3757bc605bf0fb/pyroaring-1.0.0.tar.gz", hash = "sha256:af37434d3b991ce5c167f0192d3567128668664f4c4f1b12ddbe817b80444c8d", size = 186809 }
wheels = [
    { url = "https://files.pythonhosted.org/packages/b8/64/89a00698af974cda19954a9b0ce3a049e737bac08b399e3711200c816a9b/pyroaring-1.0.0-cp313-cp313-macosx_10_13_universal2.whl", hash = "sha256:cd6bdd3fcb28b54a24ab99820c554a0595045abf8b17f89fb7dd0c05f37ab923", size = 723931 },
    { url = "https://files.pythonhosted.org/packages/b7/1e/417693a1b6630b277a09afe8ec1e18df779dcb904422708a7d72f3130a2e/pyroaring-1.0.0-cp313-cp313-macosx_10_13_x86_64.whl", hash = "sha256:df1d085c6bd5effa73a482a0eca8aebefc886f568a66c777678a48e67a32f196", size = 395456 },
    { url = "https://files.pythonhosted.org/packages/75/70/9a08891ec2b18043f1ca918193e6772513661b19dfce8968ee7a997e5a9d/pyroaring-1.0.0-cp313-cp313-macosx_11_0_arm64.whl", hash = "sha256:1e40084a8d244522eee0f031d6e0f4a285484fdee1b1cc9c60d88bece07c7605", size = 335174 },
    { url = "https://files.pythonhosted.org/packages/74/d2/ef84e0644d89d2f5b08469cae41d0a52017e5355395d676c822315f80d2b/pyroaring-1.0.0-cp313-cp313-manylinux_2_17_aarch64.manylinux2014_aarch64.whl", hash = "sha256:803575241a5169f46fe068496a51ac0a01931f72eae80e5a9a25952ee2d80e36", size = 1893949 },
    { url = "https://files.pythonhosted.org/packages/05/5b/4fc1c2aa00090a2a1bcfe1a56034f16f303a35aebe04fd0b2049038c6ff6/pyroaring-1.0.0-cp313-cp313-manylinux_2_17_x86_64.manylinux2014_x86_64.whl", hash = "sha256:fa0958ef955b15fee245b3ec2405d36b9752056f8b82ef74213a6ecd4d71bbbd", size = 2109891 },
    { url = "https://files.pythonhosted.org/packages/a9/a1/082e118496b87e30d84c494b89edf691d50d04f5b453e17e4d9584f23b1a/pyroaring-1.0.0-cp313-cp313-musllinux_1_2_aarch64.whl", hash = "sha256:f8405918a3cedda04a97cb9a19b33d475fa34241290e715d76f3f5f35a13201b", size = 2794419 },
    { url = "https://files.pythonhosted.org/packages/44/68/d56399a5f07bb0d414e7b132b17e9ef9d26e234a2f2f65c25d33bf75ae81/pyroaring-1.0.0-cp313-cp313-musllinux_1_2_x86_64.whl", hash = "sha256:f65cc443aa5790798fbde5aac594f94acb563c58f73d56b5d3b18422b9f4c008", size = 3057989 },
    { url = "https://files.pythonhosted.org/packages/ac/ce/050f08aa0f8d7b3ceb792e231c442b5fe1613be3e8dc1e306a534027f574/pyroaring-1.0.0-cp313-cp313-win_amd64.whl", hash = "sha256:1ce81136c7b6ecd647fc0408c1080f30123f8e4f3b156649bd357078d955e79c", size = 275183 },
    { url = "https://files.pythonhosted.org/packages/39/89/fd84e2247aeea833c202a84448f1fe5ca85f8e55fabd018ecbadf15c82ae/pyroaring-1.0.0-cp313-cp313-win_arm64.whl", hash = "sha256:e888e7cec72e017b62dc5b95f6874f6c35313beaba5f1cf01a2454a83ef1080f", size = 223556 },
]

[[package]]
name = "python-dateutil"
version = "2.9.0.post0"
source = { registry = "https://pypi.org/simple" }
dependencies = [
    { name = "six" },
]
sdist = { url = "https://files.pythonhosted.org/packages/66/c0/0c8b6ad9f17a802ee498c46e004a0eb49bc148f2fd230864601a86dcf6db/python-dateutil-2.9.0.post0.tar.gz", hash = "sha256:37dd54208da7e1cd875388217d5e00ebd4179249f90fb72437e91a35459a0ad3", size = 342432 }
wheels = [
    { url = "https://files.pythonhosted.org/packages/ec/57/56b9bcc3c9c6a792fcbaf139543cee77261f3651ca9da0c93f5c1221264b/python_dateutil-2.9.0.post0-py2.py3-none-any.whl", hash = "sha256:a8b2bc7bffae282281c8140a97d3aa9c14da0b136dfe83f850eea9a5f7470427", size = 229892 },
]

[[package]]
name = "pytz"
version = "2024.2"
source = { registry = "https://pypi.org/simple" }
sdist = { url = "https://files.pythonhosted.org/packages/3a/31/3c70bf7603cc2dca0f19bdc53b4537a797747a58875b552c8c413d963a3f/pytz-2024.2.tar.gz", hash = "sha256:2aa355083c50a0f93fa581709deac0c9ad65cca8a9e9beac660adcbd493c798a", size = 319692 }
wheels = [
    { url = "https://files.pythonhosted.org/packages/11/c3/005fcca25ce078d2cc29fd559379817424e94885510568bc1bc53d7d5846/pytz-2024.2-py2.py3-none-any.whl", hash = "sha256:31c7c1817eb7fae7ca4b8c7ee50c72f93aa2dd863de768e1ef4245d426aa0725", size = 508002 },
]

[[package]]
name = "six"
version = "1.17.0"
source = { registry = "https://pypi.org/simple" }
sdist = { url = "https://files.pythonhosted.org/packages/94/e7/b2c673351809dca68a0e064b6af791aa332cf192da575fd474ed7d6f16a2/six-1.17.0.tar.gz", hash = "sha256:ff70335d468e7eb6ec65b95b99d3a2836546063f63acc5171de367e834932a81", size = 34031 }
wheels = [
    { url = "https://files.pythonhosted.org/packages/b7/ce/149a00dd41f10bc29e5921b496af8b574d8413afcd5e30dfa0ed46c2cc5e/six-1.17.0-py2.py3-none-any.whl", hash = "sha256:4721f391ed90541fddacab5acf947aa0d3dc7d27b2e1e8eda2be8970586c3274", size = 11050 },
]

[[package]]
name = "snomed-analysis"
version = "0.1.0"
source = { virtual = "." }
dependencies = [
    { name = "duckdb" },
    { name = "neo4j" },
    { name = "networkx" },
    { name = "nose2" },
    { name = "pandas" },
    { name = "pyroaring" },
]

[package.metadata]
requires-dist = [
    { name = "duckdb", specifier = ">=1.1.3" },
    { name = "neo4j", specifier = ">=5.27.0" },
    { name = "networkx", specifier = ">=3.4.2" },
    { name = "nose2", specifier = ">=0.15.1" },
    { name = "pandas", specifier = ">=2.2.3" },
    { name = "pyroaring", specifier = ">=1.0.0" },
]

[[package]]
name = "tzdata"
version = "2024.2"
source = { registry = "https://pypi.org/simple" }
sdist = { url = "https://files.pythonhosted.org/packages/e1/34/943888654477a574a86a98e9896bae89c7aa15078ec29f490fef2f1e5384/tzdata-2024.2.tar.gz", hash = "sha256:7d85cc416e9382e69095b7bdf4afd9e3880418a2413feec7069d533d6b4e31cc", size = 193282 }
wheels = [
    { url = "https://files.pythonhosted.org/packages/a6/ab/7e5f53c3b9d14972843a647d8d7a853969a58aecc7559cb3267302c94774/tzdata-2024.2-py2.py3-none-any.whl", hash = "sha256:a48093786cdcde33cad18c2555e8532f34422074448fbc874186f0abd79565cd", size = 346586 },
]
